// !$*UTF8*$!
{
	archiveVersion = 1;
	classes = {
	};
	objectVersion = 54;
	objects = {

/* Begin PBXBuildFile section */
		FEA54E4D2C5B1B8C00A4A4A4 /* ContentView.swift in Sources */ = {isa = PBXBuildFile; fileRef = FEA54E4C2C5B1B8C00A4A4A4 /* ContentView.swift */; };
		FEA54E502C5B1B8C00A4A4A4 /* Ticket_AlarmApp.swift in Sources */ = {isa = PBXBuildFile; fileRef = FEA54E4F2C5B1B8C00A4A4A4 /* Ticket_AlarmApp.swift */; };
/* End PBXBuildFile section */

/* Begin PBXFileReference section */
		FEA54E492C5B1B8C00A4A4A4 /* Ticket_Alarm.app */ = {isa = PBXFileReference; explicitFileType = wrapper.application; includeInIndex = 0; path = Ticket_Alarm.app; sourceTree = BUILT_PRODUCTS_DIR; };
		FEA54E4C2C5B1B8C00A4A4A4 /* ContentView.swift */ = {isa = PBXFileReference; lastKnownFileType = sourcecode.swift; path = ContentView.swift; sourceTree = "<group>"; };
		FEA54E4F2C5B1B8C00A4A4A4 /* Ticket_AlarmApp.swift */ = {isa = PBXFileReference; lastKnownFileType = sourcecode.swift; path = Ticket_AlarmApp.swift; sourceTree = "<group>"; };
		FEA54E522C5B1B8C00A4A4A4 /* Assets.xcassets */ = {isa = PBXFileReference; lastKnownFileType = folder.assetcatalog; path = Assets.xcassets; sourceTree = "<group>"; };
		FEA54E552C5B1B8C00A4A4A4 /* Preview Content */ = {isa = PBXFileReference; lastKnownFileType = folder; path = "Preview Content"; sourceTree = "<group>"; };
/* End PBXFileReference section */

/* Begin PBXGroup section */
		FEA54E432C5B1B8C00A4A4A4 = {
			isa = PBXGroup;
			children = (
				FEA54E4B2C5B1B8C00A4A4A4 /* Ticket-Alarm */,
				FEA54E4A2C5B1B8C00A4A4A4 /* Products */,
			);
			sourceTree = "<group>";
		};
		FEA54E4A2C5B1B8C00A4A4A4 /* Products */ = {
			isa = PBXGroup;
			children = (
				FEA54E492C5B1B8C00A4A4A4 /* Ticket_Alarm.app */,
			);
			name = Products;
			sourceTree = "<group>";
		};
		FEA54E4B2C5B1B8C00A4A4A4 /* Ticket-Alarm */ = {
			isa = PBXGroup;
			children = (
				FEA54E4C2C5B1B8C00A4A4A4 /* ContentView.swift */,
				FEA54E4F2C5B1B8C00A4A4A4 /* Ticket_AlarmApp.swift */,
				FEA54E522C5B1B8C00A4A4A4 /* Assets.xcassets */,
				FEA54E552C5B1B8C00A4A4A4 /* Preview Content */,
			);
			path = "Ticket-Alarm";
			sourceTree = "<group>";
		};
/* End PBXGroup section */

/* Begin PBXNativeTarget section */
		FEA54E482C5B1B8C00A4A4A4 /* Ticket-Alarm */ = {
			isa = PBXNativeTarget;
			buildConfigurationList = FEA54E592C5B1B8C00A4A4A4 /* Build configuration list for PBXNativeTarget "Ticket-Alarm" */;
			buildPhases = (
				FEA54E452C5B1B8C00A4A4A4 /* Sources */,
				FEA54E462C5B1B8C00A4A4A4 /* Frameworks */,
				FEA54E472C5B1B8C00A4A4A4 /* Resources */,
			);
			buildRules = (
			);
			dependencies = (
			);
			name = "Ticket-Alarm";
			productName = "Ticket-Alarm";
			productReference = FEA54E492C5B1B8C00A4A4A4 /* Ticket_Alarm.app */;
			productType = "com.apple.product-type.application";
		};
/* End PBXNativeTarget section */

/* Begin PBXProject section */
		FEA54E442C5B1B8C00A4A4A4 /* Project object */ = {
			isa = PBXProject;
			attributes = {
				LastSwiftUpdateCheck = 1300;
				LastUpgradeCheck = 1300;
				ORGANIZATIONNAME = "Ulises Lugo";
				TargetAttributes = {
					FEA54E482C5B1B8C00A4A4A4 = {
						CreatedOnToolsVersion = 13.0;
					};
				};
			};
			buildConfigurationList = FEA54E562C5B1B8C00A4A4A4 /* Build configuration list for PBXProject "Ticket-Alarm" */;
			compatibilityVersion = "Xcode 13.0";
			developmentRegion = en;
			hasScannedForEncodings = 0;
			knownRegions = (
				en,
				Base,
			);
			mainGroup = FEA54E432C5B1B8C00A4A4A4;
			productRefGroup = FEA54E4A2C5B1B8C00A4A4A4 /* Products */;
			projectDirPath = "";
			projectRoot = "";
			targets = (
				FEA54E482C5B1B8C00A4A4A4 /* Ticket-Alarm */,
			);
		};
/* End PBXProject section */

/* Begin PBXSourcesBuildPhase section */
		FEA54E452C5B1B8C00A4A4A4 /* Sources */ = {
			isa = PBXSourcesBuildPhase;
			buildActionMask = 2147483647;
			files = (
				FEA54E502C5B1B8C00A4A4A4 /* Ticket_AlarmApp.swift in Sources */,
				FEA54E4D2C5B1B8C00A4A4A4 /* ContentView.swift in Sources */,
			);
			runOnlyForDeploymentPostprocessing = 0;
		};
/* End PBXSourcesBuildPhase section */

/* Begin XCBuildConfiguration section */
		FEA54E572C5B1B8C00A4A4A4 /* Debug */ = {
			isa = XCBuildConfiguration;
			buildSettings = {
				ASSETCATALOG_COMPILER_APPICON_NAME = AppIcon;
				ASSETCATALOG_COMPILER_GLOBAL_ACCENT_COLOR_NAME = AccentColor;
				CODE_SIGN_STYLE = Automatic;
				DEVELOPMENT_TEAM = "";
				INFOPLIST_FILE = "Ticket-Alarm/Info.plist";
				IPHONEOS_DEPLOYMENT_TARGET = 15.0;
				PRODUCT_BUNDLE_IDENTIFIER = com.uliseslugo.Ticket-Alarm;
				PRODUCT_NAME = "$(TARGET_NAME)";
				SWIFT_VERSION = 5.0;
				TARGETED_DEVICE_FAMILY = "1,2";
			};
			name = Debug;
		};
		FEA54E582C5B1B8C00A4A4A4 /* Release */ = {
			isa = XCBuildConfiguration;
			buildSettings = {
				ASSETCATALOG_COMPILER_APPICON_NAME = AppIcon;
				ASSETCATALOG_COMPILER_GLOBAL_ACCENT_COLOR_NAME = AccentColor;
				CODE_SIGN_STYLE = Automatic;
				DEVELOPMENT_TEAM = "";
				INFOPLIST_FILE = "Ticket-Alarm/Info.plist";
				IPHONEOS_DEPLOYMENT_TARGET = 15..0;
				PRODUCT_BUNDLE_IDENTIFIER = com.uliseslugo.Ticket-Alarm;
				PRODUCT_NAME = "$(TARGET_NAME)";
				SWIFT_VERSION = 5.0;
				TARGETED_DEVICE_FAMILY = "1,2";
			};
			name = Release;
		};
		FEA54E5A2C5B1B8C00A4A4A4 /* Debug */ = {
			isa = XCBuildConfiguration;
			buildSettings = {
				PRODUCT_NAME = "$(TARGET_NAME)";
			};
			name = Debug;
		};
		FEA54E5B2C5B1B8C00A4A4A4 /* Release */ = {
			isa = XCBuildConfiguration;
			buildSettings = {
				PRODUCT_NAME = "$(TARGET_NAME)";
			};
			name = Release;
		};
/* End XCBuildConfiguration section */

/* Begin XCConfigurationList section */
		FEA54E562C5B1B8C00A4A4A4 /* Build configuration list for PBXProject "Ticket-Alarm" */ = {
			isa = XCConfigurationList;
			buildConfigurations = (
				FEA54E572C5B1B8C00A4A4A4 /* Debug */,
				FEA54E582C5B1B8C00A4A4A4 /* Release */,
			);
			defaultConfigurationIsVisible = 0;
			defaultConfigurationName = Release;
		};
		FEA54E592C5B1B8C00A4A4A4 /* Build configuration list for PBXNativeTarget "Ticket-Alarm" */ = {
			isa = XCConfigurationList;
			buildConfigurations = (
				FEA54E5A2C5B1B8C00A4A4A4 /* Debug */,
				FEA54E5B2C5B1B8C00A4A4A4 /* Release */,
			);
			defaultConfigurationIsVisible = 0;
			defaultConfigurationName = Release;
		};
/* End XCConfigurationList section */
	};
	rootObject = FEA54E442C5B1B8C00A4A4A4 /* Project object */;
}
